// !$*UTF8*$!
{
	archiveVersion = 1;
	classes = {
	};
	objectVersion = 56;
	objects = {

/* Begin PBXBuildFile section */
		4605667F2AD2C2030089F421 /* AppDelegate.swift in Sources */ = {isa = PBXBuildFile; fileRef = 4605667E2AD2C2030089F421 /* AppDelegate.swift */; };
		460566812AD2C2030089F421 /* SceneDelegate.swift in Sources */ = {isa = PBXBuildFile; fileRef = 460566802AD2C2030089F421 /* SceneDelegate.swift */; };
		460566832AD2C2030089F421 /* CharacterTableViewController.swift in Sources */ = {isa = PBXBuildFile; fileRef = 460566822AD2C2030089F421 /* CharacterTableViewController.swift */; };
		460566882AD2C2030089F421 /* Assets.xcassets in Resources */ = {isa = PBXBuildFile; fileRef = 460566872AD2C2030089F421 /* Assets.xcassets */; };
		4605668B2AD2C2030089F421 /* LaunchScreen.storyboard in Resources */ = {isa = PBXBuildFile; fileRef = 460566892AD2C2030089F421 /* LaunchScreen.storyboard */; };
		4656D1162AFEA7DC005C72C9 /* CharacterDTO.swift in Sources */ = {isa = PBXBuildFile; fileRef = 4656D1152AFEA7DC005C72C9 /* CharacterDTO.swift */; };
		4656D1182AFEA7FE005C72C9 /* CharactersDTO.swift in Sources */ = {isa = PBXBuildFile; fileRef = 4656D1172AFEA7FE005C72C9 /* CharactersDTO.swift */; };
		4656D11A2AFEA816005C72C9 /* InformationDTO.swift in Sources */ = {isa = PBXBuildFile; fileRef = 4656D1192AFEA816005C72C9 /* InformationDTO.swift */; };
		4656D11C2AFEB206005C72C9 /* CharacterService.swift in Sources */ = {isa = PBXBuildFile; fileRef = 4656D11B2AFEB206005C72C9 /* CharacterService.swift */; };
		4656D11E2AFEB8E1005C72C9 /* CharacterTableManager.swift in Sources */ = {isa = PBXBuildFile; fileRef = 4656D11D2AFEB8E1005C72C9 /* CharacterTableManager.swift */; };
		4656D1202AFEBB8F005C72C9 /* CharacterTableView.swift in Sources */ = {isa = PBXBuildFile; fileRef = 4656D11F2AFEBB8F005C72C9 /* CharacterTableView.swift */; };
		4656D1222AFEC6A0005C72C9 /* CharacterTableViewControllerFactory.swift in Sources */ = {isa = PBXBuildFile; fileRef = 4656D1212AFEC6A0005C72C9 /* CharacterTableViewControllerFactory.swift */; };
/* End PBXBuildFile section */

/* Begin PBXFileReference section */
		4605667B2AD2C2030089F421 /* my_personal_app.app */ = {isa = PBXFileReference; explicitFileType = wrapper.application; includeInIndex = 0; path = my_personal_app.app; sourceTree = BUILT_PRODUCTS_DIR; };
		4605667E2AD2C2030089F421 /* AppDelegate.swift */ = {isa = PBXFileReference; lastKnownFileType = sourcecode.swift; path = AppDelegate.swift; sourceTree = "<group>"; };
		460566802AD2C2030089F421 /* SceneDelegate.swift */ = {isa = PBXFileReference; lastKnownFileType = sourcecode.swift; path = SceneDelegate.swift; sourceTree = "<group>"; };
		460566822AD2C2030089F421 /* CharacterTableViewController.swift */ = {isa = PBXFileReference; lastKnownFileType = sourcecode.swift; path = CharacterTableViewController.swift; sourceTree = "<group>"; };
		460566872AD2C2030089F421 /* Assets.xcassets */ = {isa = PBXFileReference; lastKnownFileType = folder.assetcatalog; path = Assets.xcassets; sourceTree = "<group>"; };
		4605668A2AD2C2030089F421 /* Base */ = {isa = PBXFileReference; lastKnownFileType = file.storyboard; name = Base; path = Base.lproj/LaunchScreen.storyboard; sourceTree = "<group>"; };
		4605668C2AD2C2030089F421 /* Info.plist */ = {isa = PBXFileReference; lastKnownFileType = text.plist.xml; path = Info.plist; sourceTree = "<group>"; };
		4656D1152AFEA7DC005C72C9 /* CharacterDTO.swift */ = {isa = PBXFileReference; lastKnownFileType = sourcecode.swift; path = CharacterDTO.swift; sourceTree = "<group>"; };
		4656D1172AFEA7FE005C72C9 /* CharactersDTO.swift */ = {isa = PBXFileReference; lastKnownFileType = sourcecode.swift; path = CharactersDTO.swift; sourceTree = "<group>"; };
		4656D1192AFEA816005C72C9 /* InformationDTO.swift */ = {isa = PBXFileReference; lastKnownFileType = sourcecode.swift; path = InformationDTO.swift; sourceTree = "<group>"; };
		4656D11B2AFEB206005C72C9 /* CharacterService.swift */ = {isa = PBXFileReference; lastKnownFileType = sourcecode.swift; path = CharacterService.swift; sourceTree = "<group>"; };
		4656D11D2AFEB8E1005C72C9 /* CharacterTableManager.swift */ = {isa = PBXFileReference; lastKnownFileType = sourcecode.swift; path = CharacterTableManager.swift; sourceTree = "<group>"; };
		4656D11F2AFEBB8F005C72C9 /* CharacterTableView.swift */ = {isa = PBXFileReference; lastKnownFileType = sourcecode.swift; path = CharacterTableView.swift; sourceTree = "<group>"; };
		4656D1212AFEC6A0005C72C9 /* CharacterTableViewControllerFactory.swift */ = {isa = PBXFileReference; lastKnownFileType = sourcecode.swift; path = CharacterTableViewControllerFactory.swift; sourceTree = "<group>"; };
/* End PBXFileReference section */

/* Begin PBXFrameworksBuildPhase section */
		460566782AD2C2030089F421 /* Frameworks */ = {
			isa = PBXFrameworksBuildPhase;
			buildActionMask = 2147483647;
			files = (
			);
			runOnlyForDeploymentPostprocessing = 0;
		};
/* End PBXFrameworksBuildPhase section */

/* Begin PBXGroup section */
		460566722AD2C2030089F421 = {
			isa = PBXGroup;
			children = (
				4605667D2AD2C2030089F421 /* my_personal_app */,
				4605667C2AD2C2030089F421 /* Products */,
			);
			sourceTree = "<group>";
		};
		4605667C2AD2C2030089F421 /* Products */ = {
			isa = PBXGroup;
			children = (
				4605667B2AD2C2030089F421 /* my_personal_app.app */,
			);
			name = Products;
			sourceTree = "<group>";
		};
		4605667D2AD2C2030089F421 /* my_personal_app */ = {
			isa = PBXGroup;
			children = (
				4656D1142AFEA7BD005C72C9 /* CharacterTable */,
				4605667E2AD2C2030089F421 /* AppDelegate.swift */,
				460566802AD2C2030089F421 /* SceneDelegate.swift */,
				460566872AD2C2030089F421 /* Assets.xcassets */,
				460566892AD2C2030089F421 /* LaunchScreen.storyboard */,
				4605668C2AD2C2030089F421 /* Info.plist */,
			);
			path = my_personal_app;
			sourceTree = "<group>";
		};
		4656D1142AFEA7BD005C72C9 /* CharacterTable */ = {
			isa = PBXGroup;
			children = (
				4656D1152AFEA7DC005C72C9 /* CharacterDTO.swift */,
				4656D1172AFEA7FE005C72C9 /* CharactersDTO.swift */,
				4656D1192AFEA816005C72C9 /* InformationDTO.swift */,
				4656D11B2AFEB206005C72C9 /* CharacterService.swift */,
				4656D11F2AFEBB8F005C72C9 /* CharacterTableView.swift */,
				460566822AD2C2030089F421 /* CharacterTableViewController.swift */,
				4656D11D2AFEB8E1005C72C9 /* CharacterTableManager.swift */,
				4656D1212AFEC6A0005C72C9 /* CharacterTableViewControllerFactory.swift */,
			);
			path = CharacterTable;
			sourceTree = "<group>";
		};
/* End PBXGroup section */

/* Begin PBXNativeTarget section */
		4605667A2AD2C2030089F421 /* my_personal_app */ = {
			isa = PBXNativeTarget;
			buildConfigurationList = 4605668F2AD2C2030089F421 /* Build configuration list for PBXNativeTarget "my_personal_app" */;
			buildPhases = (
				460566772AD2C2030089F421 /* Sources */,
				460566782AD2C2030089F421 /* Frameworks */,
				460566792AD2C2030089F421 /* Resources */,
			);
			buildRules = (
			);
			dependencies = (
			);
			name = my_personal_app;
			productName = my_personal_app;
			productReference = 4605667B2AD2C2030089F421 /* my_personal_app.app */;
			productType = "com.apple.product-type.application";
		};
/* End PBXNativeTarget section */

/* Begin PBXProject section */
		460566732AD2C2030089F421 /* Project object */ = {
			isa = PBXProject;
			attributes = {
				BuildIndependentTargetsInParallel = 1;
				LastSwiftUpdateCheck = 1500;
				LastUpgradeCheck = 1500;
				TargetAttributes = {
					4605667A2AD2C2030089F421 = {
						CreatedOnToolsVersion = 15.0;
					};
				};
			};
			buildConfigurationList = 460566762AD2C2030089F421 /* Build configuration list for PBXProject "my_personal_app" */;
			compatibilityVersion = "Xcode 14.0";
			developmentRegion = en;
			hasScannedForEncodings = 0;
			knownRegions = (
				en,
				Base,
			);
			mainGroup = 460566722AD2C2030089F421;
			productRefGroup = 4605667C2AD2C2030089F421 /* Products */;
			projectDirPath = "";
			projectRoot = "";
			targets = (
				4605667A2AD2C2030089F421 /* my_personal_app */,
			);
		};
/* End PBXProject section */

/* Begin PBXResourcesBuildPhase section */
		460566792AD2C2030089F421 /* Resources */ = {
			isa = PBXResourcesBuildPhase;
			buildActionMask = 2147483647;
			files = (
				4605668B2AD2C2030089F421 /* LaunchScreen.storyboard in Resources */,
				460566882AD2C2030089F421 /* Assets.xcassets in Resources */,
			);
			runOnlyForDeploymentPostprocessing = 0;
		};
/* End PBXResourcesBuildPhase section */

/* Begin PBXSourcesBuildPhase section */
		460566772AD2C2030089F421 /* Sources */ = {
			isa = PBXSourcesBuildPhase;
			buildActionMask = 2147483647;
			files = (
				4656D11A2AFEA816005C72C9 /* InformationDTO.swift in Sources */,
				4656D1202AFEBB8F005C72C9 /* CharacterTableView.swift in Sources */,
				460566832AD2C2030089F421 /* CharacterTableViewController.swift in Sources */,
				4656D11C2AFEB206005C72C9 /* CharacterService.swift in Sources */,
				4656D1162AFEA7DC005C72C9 /* CharacterDTO.swift in Sources */,
				4605667F2AD2C2030089F421 /* AppDelegate.swift in Sources */,
				4656D1222AFEC6A0005C72C9 /* CharacterTableViewControllerFactory.swift in Sources */,
				4656D1182AFEA7FE005C72C9 /* CharactersDTO.swift in Sources */,
				4656D11E2AFEB8E1005C72C9 /* CharacterTableManager.swift in Sources */,
				460566812AD2C2030089F421 /* SceneDelegate.swift in Sources */,
			);
			runOnlyForDeploymentPostprocessing = 0;
		};
/* End PBXSourcesBuildPhase section */

/* Begin PBXVariantGroup section */
		460566892AD2C2030089F421 /* LaunchScreen.storyboard */ = {
			isa = PBXVariantGroup;
			children = (
				4605668A2AD2C2030089F421 /* Base */,
			);
			name = LaunchScreen.storyboard;
			sourceTree = "<group>";
		};
/* End PBXVariantGroup section */

/* Begin XCBuildConfiguration section */
		4605668D2AD2C2030089F421 /* Debug */ = {
			isa = XCBuildConfiguration;
			buildSettings = {
				ALWAYS_SEARCH_USER_PATHS = NO;
				ASSETCATALOG_COMPILER_GENERATE_SWIFT_ASSET_SYMBOL_EXTENSIONS = YES;
				CLANG_ANALYZER_NONNULL = YES;
				CLANG_ANALYZER_NUMBER_OBJECT_CONVERSION = YES_AGGRESSIVE;
				CLANG_CXX_LANGUAGE_STANDARD = "gnu++20";
				CLANG_ENABLE_MODULES = YES;
				CLANG_ENABLE_OBJC_ARC = YES;
				CLANG_ENABLE_OBJC_WEAK = YES;
				CLANG_WARN_BLOCK_CAPTURE_AUTORELEASING = YES;
				CLANG_WARN_BOOL_CONVERSION = YES;
				CLANG_WARN_COMMA = YES;
				CLANG_WARN_CONSTANT_CONVERSION = YES;
				CLANG_WARN_DEPRECATED_OBJC_IMPLEMENTATIONS = YES;
				CLANG_WARN_DIRECT_OBJC_ISA_USAGE = YES_ERROR;
				CLANG_WARN_DOCUMENTATION_COMMENTS = YES;
				CLANG_WARN_EMPTY_BODY = YES;
				CLANG_WARN_ENUM_CONVERSION = YES;
				CLANG_WARN_INFINITE_RECURSION = YES;
				CLANG_WARN_INT_CONVERSION = YES;
				CLANG_WARN_NON_LITERAL_NULL_CONVERSION = YES;
				CLANG_WARN_OBJC_IMPLICIT_RETAIN_SELF = YES;
				CLANG_WARN_OBJC_LITERAL_CONVERSION = YES;
				CLANG_WARN_OBJC_ROOT_CLASS = YES_ERROR;
				CLANG_WARN_QUOTED_INCLUDE_IN_FRAMEWORK_HEADER = YES;
				CLANG_WARN_RANGE_LOOP_ANALYSIS = YES;
				CLANG_WARN_STRICT_PROTOTYPES = YES;
				CLANG_WARN_SUSPICIOUS_MOVE = YES;
				CLANG_WARN_UNGUARDED_AVAILABILITY = YES_AGGRESSIVE;
				CLANG_WARN_UNREACHABLE_CODE = YES;
				CLANG_WARN__DUPLICATE_METHOD_MATCH = YES;
				COPY_PHASE_STRIP = NO;
				DEBUG_INFORMATION_FORMAT = dwarf;
				ENABLE_STRICT_OBJC_MSGSEND = YES;
				ENABLE_TESTABILITY = YES;
				ENABLE_USER_SCRIPT_SANDBOXING = YES;
				GCC_C_LANGUAGE_STANDARD = gnu17;
				GCC_DYNAMIC_NO_PIC = NO;
				GCC_NO_COMMON_BLOCKS = YES;
				GCC_OPTIMIZATION_LEVEL = 0;
				GCC_PREPROCESSOR_DEFINITIONS = (
					"DEBUG=1",
					"$(inherited)",
				);
				GCC_WARN_64_TO_32_BIT_CONVERSION = YES;
				GCC_WARN_ABOUT_RETURN_TYPE = YES_ERROR;
				GCC_WARN_UNDECLARED_SELECTOR = YES;
				GCC_WARN_UNINITIALIZED_AUTOS = YES_AGGRESSIVE;
				GCC_WARN_UNUSED_FUNCTION = YES;
				GCC_WARN_UNUSED_VARIABLE = YES;
				IPHONEOS_DEPLOYMENT_TARGET = 17.0;
				LOCALIZATION_PREFERS_STRING_CATALOGS = YES;
				MTL_ENABLE_DEBUG_INFO = INCLUDE_SOURCE;
				MTL_FAST_MATH = YES;
				ONLY_ACTIVE_ARCH = YES;
				SDKROOT = iphoneos;
				SWIFT_ACTIVE_COMPILATION_CONDITIONS = "DEBUG $(inherited)";
				SWIFT_OPTIMIZATION_LEVEL = "-Onone";
			};
			name = Debug;
		};
		4605668E2AD2C2030089F421 /* Release */ = {
			isa = XCBuildConfiguration;
			buildSettings = {
				ALWAYS_SEARCH_USER_PATHS = NO;
				ASSETCATALOG_COMPILER_GENERATE_SWIFT_ASSET_SYMBOL_EXTENSIONS = YES;
				CLANG_ANALYZER_NONNULL = YES;
				CLANG_ANALYZER_NUMBER_OBJECT_CONVERSION = YES_AGGRESSIVE;
				CLANG_CXX_LANGUAGE_STANDARD = "gnu++20";
				CLANG_ENABLE_MODULES = YES;
				CLANG_ENABLE_OBJC_ARC = YES;
				CLANG_ENABLE_OBJC_WEAK = YES;
				CLANG_WARN_BLOCK_CAPTURE_AUTORELEASING = YES;
				CLANG_WARN_BOOL_CONVERSION = YES;
				CLANG_WARN_COMMA = YES;
				CLANG_WARN_CONSTANT_CONVERSION = YES;
				CLANG_WARN_DEPRECATED_OBJC_IMPLEMENTATIONS = YES;
				CLANG_WARN_DIRECT_OBJC_ISA_USAGE = YES_ERROR;
				CLANG_WARN_DOCUMENTATION_COMMENTS = YES;
				CLANG_WARN_EMPTY_BODY = YES;
				CLANG_WARN_ENUM_CONVERSION = YES;
				CLANG_WARN_INFINITE_RECURSION = YES;
				CLANG_WARN_INT_CONVERSION = YES;
				CLANG_WARN_NON_LITERAL_NULL_CONVERSION = YES;
				CLANG_WARN_OBJC_IMPLICIT_RETAIN_SELF = YES;
				CLANG_WARN_OBJC_LITERAL_CONVERSION = YES;
				CLANG_WARN_OBJC_ROOT_CLASS = YES_ERROR;
				CLANG_WARN_QUOTED_INCLUDE_IN_FRAMEWORK_HEADER = YES;
				CLANG_WARN_RANGE_LOOP_ANALYSIS = YES;
				CLANG_WARN_STRICT_PROTOTYPES = YES;
				CLANG_WARN_SUSPICIOUS_MOVE = YES;
				CLANG_WARN_UNGUARDED_AVAILABILITY = YES_AGGRESSIVE;
				CLANG_WARN_UNREACHABLE_CODE = YES;
				CLANG_WARN__DUPLICATE_METHOD_MATCH = YES;
				COPY_PHASE_STRIP = NO;
				DEBUG_INFORMATION_FORMAT = "dwarf-with-dsym";
				ENABLE_NS_ASSERTIONS = NO;
				ENABLE_STRICT_OBJC_MSGSEND = YES;
				ENABLE_USER_SCRIPT_SANDBOXING = YES;
				GCC_C_LANGUAGE_STANDARD = gnu17;
				GCC_NO_COMMON_BLOCKS = YES;
				GCC_WARN_64_TO_32_BIT_CONVERSION = YES;
				GCC_WARN_ABOUT_RETURN_TYPE = YES_ERROR;
				GCC_WARN_UNDECLARED_SELECTOR = YES;
				GCC_WARN_UNINITIALIZED_AUTOS = YES_AGGRESSIVE;
				GCC_WARN_UNUSED_FUNCTION = YES;
				GCC_WARN_UNUSED_VARIABLE = YES;
				IPHONEOS_DEPLOYMENT_TARGET = 17.0;
				LOCALIZATION_PREFERS_STRING_CATALOGS = YES;
				MTL_ENABLE_DEBUG_INFO = NO;
				MTL_FAST_MATH = YES;
				SDKROOT = iphoneos;
				SWIFT_COMPILATION_MODE = wholemodule;
				VALIDATE_PRODUCT = YES;
			};
			name = Release;
		};
		460566902AD2C2030089F421 /* Debug */ = {
			isa = XCBuildConfiguration;
			buildSettings = {
				ASSETCATALOG_COMPILER_APPICON_NAME = AppIcon;
				ASSETCATALOG_COMPILER_GLOBAL_ACCENT_COLOR_NAME = AccentColor;
				CODE_SIGN_STYLE = Automatic;
				CURRENT_PROJECT_VERSION = 1;
				DEVELOPMENT_TEAM = 26Y854U6MB;
				GENERATE_INFOPLIST_FILE = YES;
				INFOPLIST_FILE = my_personal_app/Info.plist;
				INFOPLIST_KEY_UIApplicationSupportsIndirectInputEvents = YES;
				INFOPLIST_KEY_UILaunchStoryboardName = LaunchScreen;
				INFOPLIST_KEY_UISupportedInterfaceOrientations_iPad = "UIInterfaceOrientationPortrait UIInterfaceOrientationPortraitUpsideDown UIInterfaceOrientationLandscapeLeft UIInterfaceOrientationLandscapeRight";
				INFOPLIST_KEY_UISupportedInterfaceOrientations_iPhone = "UIInterfaceOrientationPortrait UIInterfaceOrientationLandscapeLeft UIInterfaceOrientationLandscapeRight";
				LD_RUNPATH_SEARCH_PATHS = (
					"$(inherited)",
					"@executable_path/Frameworks",
				);
				MARKETING_VERSION = 1.0;
				PRODUCT_BUNDLE_IDENTIFIER = "AlexGod.my-personal-app";
				PRODUCT_NAME = "$(TARGET_NAME)";
				SWIFT_EMIT_LOC_STRINGS = YES;
				SWIFT_VERSION = 5.0;
				TARGETED_DEVICE_FAMILY = "1,2";
			};
			name = Debug;
		};
		460566912AD2C2030089F421 /* Release */ = {
			isa = XCBuildConfiguration;
			buildSettings = {
				ASSETCATALOG_COMPILER_APPICON_NAME = AppIcon;
				ASSETCATALOG_COMPILER_GLOBAL_ACCENT_COLOR_NAME = AccentColor;
				CODE_SIGN_STYLE = Automatic;
				CURRENT_PROJECT_VERSION = 1;
				DEVELOPMENT_TEAM = 26Y854U6MB;
				GENERATE_INFOPLIST_FILE = YES;
				INFOPLIST_FILE = my_personal_app/Info.plist;
				INFOPLIST_KEY_UIApplicationSupportsIndirectInputEvents = YES;
				INFOPLIST_KEY_UILaunchStoryboardName = LaunchScreen;
				INFOPLIST_KEY_UISupportedInterfaceOrientations_iPad = "UIInterfaceOrientationPortrait UIInterfaceOrientationPortraitUpsideDown UIInterfaceOrientationLandscapeLeft UIInterfaceOrientationLandscapeRight";
				INFOPLIST_KEY_UISupportedInterfaceOrientations_iPhone = "UIInterfaceOrientationPortrait UIInterfaceOrientationLandscapeLeft UIInterfaceOrientationLandscapeRight";
				LD_RUNPATH_SEARCH_PATHS = (
					"$(inherited)",
					"@executable_path/Frameworks",
				);
				MARKETING_VERSION = 1.0;
				PRODUCT_BUNDLE_IDENTIFIER = "AlexGod.my-personal-app";
				PRODUCT_NAME = "$(TARGET_NAME)";
				SWIFT_EMIT_LOC_STRINGS = YES;
				SWIFT_VERSION = 5.0;
				TARGETED_DEVICE_FAMILY = "1,2";
			};
			name = Release;
		};
/* End XCBuildConfiguration section */

/* Begin XCConfigurationList section */
		460566762AD2C2030089F421 /* Build configuration list for PBXProject "my_personal_app" */ = {
			isa = XCConfigurationList;
			buildConfigurations = (
				4605668D2AD2C2030089F421 /* Debug */,
				4605668E2AD2C2030089F421 /* Release */,
			);
			defaultConfigurationIsVisible = 0;
			defaultConfigurationName = Release;
		};
		4605668F2AD2C2030089F421 /* Build configuration list for PBXNativeTarget "my_personal_app" */ = {
			isa = XCConfigurationList;
			buildConfigurations = (
				460566902AD2C2030089F421 /* Debug */,
				460566912AD2C2030089F421 /* Release */,
			);
			defaultConfigurationIsVisible = 0;
			defaultConfigurationName = Release;
		};
/* End XCConfigurationList section */
	};
	rootObject = 460566732AD2C2030089F421 /* Project object */;
}
